
Microsoft Visual Studio Solution File, Format Version 12.00
# Visual Studio Version 17
VisualStudioVersion = 17.0.31717.71
MinimumVisualStudioVersion = 10.0.40219.1
Project("{FAE04EC0-301F-11D3-BF4B-00C04F79EFBC}") = "CompositeDesingPattern", "CompositeDesingPattern\CompositeDesingPattern.csproj", "{70CAF072-1344-44A1-A9A4-1F4DF9BEBE2F}"
EndProject
Global
	GlobalSection(SolutionConfigurationPlatforms) = preSolution
		Debug|Any CPU = Debug|Any CPU
		Release|Any CPU = Release|Any CPU
	EndGlobalSection
	GlobalSection(ProjectConfigurationPlatforms) = postSolution
		{70CAF072-1344-44A1-A9A4-1F4DF9BEBE2F}.Debug|Any CPU.ActiveCfg = Debug|Any CPU
		{70CAF072-1344-44A1-A9A4-1F4DF9BEBE2F}.Debug|Any CPU.Build.0 = Debug|Any CPU
		{70CAF072-1344-44A1-A9A4-1F4DF9BEBE2F}.Release|Any CPU.ActiveCfg = Release|Any CPU
		{70CAF072-1344-44A1-A9A4-1F4DF9BEBE2F}.Release|Any CPU.Build.0 = Release|Any CPU
	EndGlobalSection
	GlobalSection(SolutionProperties) = preSolution
		HideSolutionNode = FALSE
	EndGlobalSection
	GlobalSection(ExtensibilityGlobals) = postSolution
		SolutionGuid = {E283FC22-27FE-4E79-B9DE-1B7865AF9F0F}
	EndGlobalSection
EndGlobal
